
Microsoft Visual Studio Solution File, Format Version 12.00
# Visual Studio Version 16
VisualStudioVersion = 16.0.31129.286
MinimumVisualStudioVersion = 10.0.40219.1
Project("{FAE04EC0-301F-11D3-BF4B-00C04F79EFBC}") = "StringBuilderProgrammingExample", "StringBuilderProgrammingExample\StringBuilderProgrammingExample.csproj", "{929D9C22-91CB-4340-ACB9-DEF98CEEAEA2}"
EndProject
Global
	GlobalSection(SolutionConfigurationPlatforms) = preSolution
		Debug|Any CPU = Debug|Any CPU
		Release|Any CPU = Release|Any CPU
	EndGlobalSection
	GlobalSection(ProjectConfigurationPlatforms) = postSolution
		{929D9C22-91CB-4340-ACB9-DEF98CEEAEA2}.Debug|Any CPU.ActiveCfg = Debug|Any CPU
		{929D9C22-91CB-4340-ACB9-DEF98CEEAEA2}.Debug|Any CPU.Build.0 = Debug|Any CPU
		{929D9C22-91CB-4340-ACB9-DEF98CEEAEA2}.Release|Any CPU.ActiveCfg = Release|Any CPU
		{929D9C22-91CB-4340-ACB9-DEF98CEEAEA2}.Release|Any CPU.Build.0 = Release|Any CPU
	EndGlobalSection
	GlobalSection(SolutionProperties) = preSolution
		HideSolutionNode = FALSE
	EndGlobalSection
	GlobalSection(ExtensibilityGlobals) = postSolution
		SolutionGuid = {405CAB66-CC50-455C-A2EA-C16BE6E14A46}
	EndGlobalSection
EndGlobal
