
Microsoft Visual Studio Solution File, Format Version 12.00
# Visual Studio Version 16
VisualStudioVersion = 16.0.31129.286
MinimumVisualStudioVersion = 10.0.40219.1
Project("{FAE04EC0-301F-11D3-BF4B-00C04F79EFBC}") = "WorkingWithFields", "WorkingWithFields\WorkingWithFields.csproj", "{72D17137-D6C1-4BD5-BA10-65D55A94BDA3}"
EndProject
Global
	GlobalSection(SolutionConfigurationPlatforms) = preSolution
		Debug|Any CPU = Debug|Any CPU
		Release|Any CPU = Release|Any CPU
	EndGlobalSection
	GlobalSection(ProjectConfigurationPlatforms) = postSolution
		{72D17137-D6C1-4BD5-BA10-65D55A94BDA3}.Debug|Any CPU.ActiveCfg = Debug|Any CPU
		{72D17137-D6C1-4BD5-BA10-65D55A94BDA3}.Debug|Any CPU.Build.0 = Debug|Any CPU
		{72D17137-D6C1-4BD5-BA10-65D55A94BDA3}.Release|Any CPU.ActiveCfg = Release|Any CPU
		{72D17137-D6C1-4BD5-BA10-65D55A94BDA3}.Release|Any CPU.Build.0 = Release|Any CPU
	EndGlobalSection
	GlobalSection(SolutionProperties) = preSolution
		HideSolutionNode = FALSE
	EndGlobalSection
	GlobalSection(ExtensibilityGlobals) = postSolution
		SolutionGuid = {BAC58BC8-39A1-4698-891E-AADB50E2CCAF}
	EndGlobalSection
EndGlobal
